github.com/JoshVarga/svgparser v0.0.0-20200804023048-5eaba627a7d1 h1:RAQocNl+YQYGPt5yh4SR5zFUIHKrXnLhjIGhHO4Vwnc=
github.com/JoshVarga/svgparser v0.0.0-20200804023048-5eaba627a7d1/go.mod h1:tMmgUTWcco9d1ZmK7zjxuTv7XWZhyutXIsgu0uJ3gDw=
github.com/evanw/esbuild v0.7.5 h1:gvrXlPfKMzuw2c5/ySIFUUrEmanl/gl1/v47Xh5FAfg=
github.com/evanw/esbuild v0.7.5/go.mod h1:mptxmSXIzBIKKCe4jo9A5SToEd1G+AKZ9JmY85dYRJ0=
github.com/evanw/esbuild v0.7.6-0.20200925172414-c76ac2b9bd90 h1:blNYUn0zd0U0y1DRYXTqlG0HcE+WjVmU3goQImb/sNw=
github.com/evanw/esbuild v0.7.6-0.20200925172414-c76ac2b9bd90/go.mod h1:mptxmSXIzBIKKCe4jo9A5SToEd1G+AKZ9JmY85dYRJ0=
github.com/evanw/esbuild v0.7.6 h1:VQRwErIQXVsvj+WAJ2P0NqhvGbBVB1d0rpeub29u7H0=
github.com/evanw/esbuild v0.7.7 h1:l/M5wHuU738LEX8RyGDP7Zkdrw84j3bpCPrJbKX33Ks=
github.com/evanw/esbuild v0.7.8-0.20200927102426-addbe2ee1b75 h1:XpJJ1VrKw0AvXmZYcGVd8ivgf7o6Xa/E95IcLg4mEUA=
github.com/evanw/esbuild v0.7.8-0.20200927102426-addbe2ee1b75/go.mod h1:mptxmSXIzBIKKCe4jo9A5SToEd1G+AKZ9JmY85dYRJ0=
github.com/evanw/esbuild v0.7.8-0.20200927230236-4592d35899d7 h1:kHuRav7BCN8s70nTCD1q8Lvu/WG2zRURoqc4sydjoJY=
github.com/evanw/esbuild v0.7.8-0.20200927230236-4592d35899d7/go.mod h1:mptxmSXIzBIKKCe4jo9A5SToEd1G+AKZ9JmY85dYRJ0=
github.com/evanw/esbuild v0.7.8 h1:DyCpTDLRAtjqRixfXFslGSsYaoKRQfYi+gwGkzW1FHI=
github.com/evanw/esbuild v0.7.9-0.20200929103131-d74a71640932 h1:tgpWeb8ouHdn+en+Ory7TJICdX+M+tPAaJu61YRlG58=
github.com/evanw/esbuild v0.7.9-0.20200929103131-d74a71640932/go.mod h1:mptxmSXIzBIKKCe4jo9A5SToEd1G+AKZ9JmY85dYRJ0=
github.com/kylelemons/godebug v1.1.0/go.mod h1:9/0rRGxNHcop5bhtWyNeEfOS8JIWk580+fNqagV/RAw=
github.com/rustyoz/Mtransform v0.0.0-20190224104252-60c8c35a3681 h1:+MSiFc2Ocn6tXnJqPK6gD3gMlD/Ku878zak2apGUD0Y=
github.com/rustyoz/Mtransform v0.0.0-20190224104252-60c8c35a3681/go.mod h1:LoYQicvJKiYtg51aHi/pslb7cyYUevSnMuB5IlkjuF0=
github.com/rustyoz/genericlexer v0.0.0-20190224115003-eb82fd2987bd h1:Obx9Gkv98ZAIwUAk4g8lmu/0qoSt0C3Rtp25JMd8mGI=
github.com/rustyoz/genericlexer v0.0.0-20190224115003-eb82fd2987bd/go.mod h1:m65JtsVg785EjQvQylesseVucezoQZqJozlPAfjXmbE=
github.com/rustyoz/svg v0.0.0-20200706102315-fe1aeca2ba20 h1:0pxtKbjEEiOOmGRnImHZRhW624vOyNV4XLCvW8lsgkw=
github.com/rustyoz/svg v0.0.0-20200706102315-fe1aeca2ba20/go.mod h1:fzOwHlLapZc+KrYbBhrUNF9/Mu5VuQjnI2Apt9JQwlI=
golang.org/x/crypto v0.0.0-20190308221718-c2843e01d9a2/go.mod h1:djNgcEr1/C05ACkg1iLfiJU5Ep61QUkGW8qpdssI0+w=
golang.org/x/crypto v0.0.0-20200622213623-75b288015ac9/go.mod h1:LzIPMQfyMNhhGPhUkYOs5KpL4U8rLKemX1yGLhDgUto=
golang.org/x/net v0.0.0-20190404232315-eb5bcb51f2a3/go.mod h1:t9HGtf8HONx5eT2rtn7q6eTqICYqUVnKs3thJo3Qplg=
golang.org/x/net v0.0.0-20200925080053-05aa5d4ee321 h1:lleNcKRbcaC8MqgLwghIkzZ2JBQAb7QQ9MiwRt1BisA=
golang.org/x/net v0.0.0-20200925080053-05aa5d4ee321/go.mod h1:/O7V0waA8r7cgGh81Ro3o1hOxt32SMVPicZroKQ2sZA=
golang.org/x/sys v0.0.0-20190215142949-d0b11bdaac8a/go.mod h1:STP8DvDyc/dI5b8T5hshtkjS+E42TnysNCUPdjciGhY=
golang.org/x/sys v0.0.0-20190412213103-97732733099d/go.mod h1:h1NjWce9XRLGQEsW7wpKNCjG9DtNlClVuFLEZdDNbEs=
golang.org/x/sys v0.0.0-20200323222414-85ca7c5b95cd/go.mod h1:h1NjWce9XRLGQEsW7wpKNCjG9DtNlClVuFLEZdDNbEs=
golang.org/x/sys v0.0.0-20200501145240-bc7a7d42d5c3 h1:5B6i6EAiSYyejWfvc5Rc9BbI3rzIsrrXfAQBWnYfn+w=
golang.org/x/sys v0.0.0-20200501145240-bc7a7d42d5c3/go.mod h1:h1NjWce9XRLGQEsW7wpKNCjG9DtNlClVuFLEZdDNbEs=
golang.org/x/text v0.3.0 h1:g61tztE5qeGQ89tm6NTjjM9VPIm088od1l6aSorWRWg=
golang.org/x/text v0.3.0/go.mod h1:NqM8EUOU14njkJ3fqMW+pc6Ldnwhi/IjpwHt7yyuwOQ=
